
Microsoft Visual Studio Solution File, Format Version 12.00
# Visual Studio 15
Project("{FAE04EC0-301F-11D3-BF4B-00C04F79EFBC}") = "Alpha-Bits", "Alpha-Bits.csproj", "{6189878A-04C4-1485-EE8C-D00613A1864B}"
EndProject
Project("{FAE04EC0-301F-11D3-BF4B-00C04F79EFBC}") = "Alpha-Bits.Editor", "Alpha-Bits.Editor.csproj", "{A3DEF5F9-246A-33F9-794F-85270BD0D336}"
EndProject
Global
	GlobalSection(SolutionConfigurationPlatforms) = preSolution
		Debug|Any CPU = Debug|Any CPU
		Release|Any CPU = Release|Any CPU
	EndGlobalSection
	GlobalSection(ProjectConfigurationPlatforms) = postSolution
		{6189878A-04C4-1485-EE8C-D00613A1864B}.Debug|Any CPU.ActiveCfg = Debug|Any CPU
		{6189878A-04C4-1485-EE8C-D00613A1864B}.Debug|Any CPU.Build.0 = Debug|Any CPU
		{6189878A-04C4-1485-EE8C-D00613A1864B}.Release|Any CPU.ActiveCfg = Release|Any CPU
		{6189878A-04C4-1485-EE8C-D00613A1864B}.Release|Any CPU.Build.0 = Release|Any CPU
		{A3DEF5F9-246A-33F9-794F-85270BD0D336}.Debug|Any CPU.ActiveCfg = Debug|Any CPU
		{A3DEF5F9-246A-33F9-794F-85270BD0D336}.Debug|Any CPU.Build.0 = Debug|Any CPU
		{A3DEF5F9-246A-33F9-794F-85270BD0D336}.Release|Any CPU.ActiveCfg = Release|Any CPU
		{A3DEF5F9-246A-33F9-794F-85270BD0D336}.Release|Any CPU.Build.0 = Release|Any CPU
	EndGlobalSection
	GlobalSection(SolutionProperties) = preSolution
		HideSolutionNode = FALSE
	EndGlobalSection
EndGlobal
